
Microsoft Visual Studio Solution File, Format Version 12.00
# Visual Studio Version 16
VisualStudioVersion = 16.0.31729.503
MinimumVisualStudioVersion = 10.0.40219.1
Project("{FAE04EC0-301F-11D3-BF4B-00C04F79EFBC}") = "p3", "p3.csproj", "{1DD61D73-71AB-4D56-8F0F-74B53372146A}"
EndProject
Project("{FAE04EC0-301F-11D3-BF4B-00C04F79EFBC}") = "TestProject1", "..\TestProject1\TestProject1.csproj", "{863B1E83-2585-4414-8C71-AB7E9EFA124C}"
EndProject
Global
	GlobalSection(SolutionConfigurationPlatforms) = preSolution
		Debug|Any CPU = Debug|Any CPU
		Release|Any CPU = Release|Any CPU
	EndGlobalSection
	GlobalSection(ProjectConfigurationPlatforms) = postSolution
		{1DD61D73-71AB-4D56-8F0F-74B53372146A}.Debug|Any CPU.ActiveCfg = Debug|Any CPU
		{1DD61D73-71AB-4D56-8F0F-74B53372146A}.Debug|Any CPU.Build.0 = Debug|Any CPU
		{1DD61D73-71AB-4D56-8F0F-74B53372146A}.Release|Any CPU.ActiveCfg = Release|Any CPU
		{1DD61D73-71AB-4D56-8F0F-74B53372146A}.Release|Any CPU.Build.0 = Release|Any CPU
		{863B1E83-2585-4414-8C71-AB7E9EFA124C}.Debug|Any CPU.ActiveCfg = Debug|Any CPU
		{863B1E83-2585-4414-8C71-AB7E9EFA124C}.Debug|Any CPU.Build.0 = Debug|Any CPU
		{863B1E83-2585-4414-8C71-AB7E9EFA124C}.Release|Any CPU.ActiveCfg = Release|Any CPU
		{863B1E83-2585-4414-8C71-AB7E9EFA124C}.Release|Any CPU.Build.0 = Release|Any CPU
	EndGlobalSection
	GlobalSection(SolutionProperties) = preSolution
		HideSolutionNode = FALSE
	EndGlobalSection
	GlobalSection(ExtensibilityGlobals) = postSolution
		SolutionGuid = {30EC0CDB-B1E9-4907-A6BF-866064ECD6EB}
	EndGlobalSection
EndGlobal
